Microsoft Visual Studio Solution File, Format Version 12.00
# Visual Studio Version 17
VisualStudioVersion = 17.10.34916.146
MinimumVisualStudioVersion = 10.0.40219.1
Project("{F184B08F-C81C-45F6-A57F-5ABD9991F28F}") = "Q181266", "Q181266\Q181266.vbproj", "{1C070B58-B183-404A-99B9-A7A603D8D4DF}"
EndProject
Global
	GlobalSection(SolutionConfigurationPlatforms) = preSolution
		Debug|Any CPU = Debug|Any CPU
		Release|Any CPU = Release|Any CPU
	EndGlobalSection
	GlobalSection(ProjectConfigurationPlatforms) = postSolution
		{1C070B58-B183-404A-99B9-A7A603D8D4DF}.Debug|Any CPU.ActiveCfg = Debug|Any CPU
		{1C070B58-B183-404A-99B9-A7A603D8D4DF}.Debug|Any CPU.Build.0 = Debug|Any CPU
		{1C070B58-B183-404A-99B9-A7A603D8D4DF}.Release|Any CPU.ActiveCfg = Release|Any CPU
		{1C070B58-B183-404A-99B9-A7A603D8D4DF}.Release|Any CPU.Build.0 = Release|Any CPU
	EndGlobalSection
	GlobalSection(SolutionProperties) = preSolution
		HideSolutionNode = FALSE
	EndGlobalSection
	GlobalSection(ExtensibilityGlobals) = postSolution
		SolutionGuid = {7AF0C2A6-E9A4-4FEA-8356-9EDB571ACD60}
	EndGlobalSection
EndGlobal
